// !$*UTF8*$!
{
	archiveVersion = 1;
	classes = {
	};
	objectVersion = 55;
	objects = {

/* Begin PBXBuildFile section */
		CE6206D929ADD4BB00A75149 /* AppDelegate.swift in Sources */ = {isa = PBXBuildFile; fileRef = CE6206D829ADD4BB00A75149 /* AppDelegate.swift */; };
		CE6206DB29ADD4BB00A75149 /* SceneDelegate.swift in Sources */ = {isa = PBXBuildFile; fileRef = CE6206DA29ADD4BB00A75149 /* SceneDelegate.swift */; };
		CE6206DD29ADD4BB00A75149 /* ViewController.swift in Sources */ = {isa = PBXBuildFile; fileRef = CE6206DC29ADD4BB00A75149 /* ViewController.swift */; };
		CE6206E029ADD4BB00A75149 /* Main.storyboard in Resources */ = {isa = PBXBuildFile; fileRef = CE6206DE29ADD4BB00A75149 /* Main.storyboard */; };
		CE6206E329ADD4BB00A75149 /* ColorsApp.xcdatamodeld in Sources */ = {isa = PBXBuildFile; fileRef = CE6206E129ADD4BB00A75149 /* ColorsApp.xcdatamodeld */; };
		CE6206E529ADD4BD00A75149 /* Assets.xcassets in Resources */ = {isa = PBXBuildFile; fileRef = CE6206E429ADD4BD00A75149 /* Assets.xcassets */; };
		CE6206E829ADD4BD00A75149 /* LaunchScreen.storyboard in Resources */ = {isa = PBXBuildFile; fileRef = CE6206E629ADD4BD00A75149 /* LaunchScreen.storyboard */; };
		CE6206F329ADD4BD00A75149 /* ColorsAppTests.swift in Sources */ = {isa = PBXBuildFile; fileRef = CE6206F229ADD4BD00A75149 /* ColorsAppTests.swift */; };
		CE6206FD29ADD4BD00A75149 /* ColorsAppUITests.swift in Sources */ = {isa = PBXBuildFile; fileRef = CE6206FC29ADD4BD00A75149 /* ColorsAppUITests.swift */; };
		CE6206FF29ADD4BD00A75149 /* ColorsAppUITestsLaunchTests.swift in Sources */ = {isa = PBXBuildFile; fileRef = CE6206FE29ADD4BD00A75149 /* ColorsAppUITestsLaunchTests.swift */; };
/* End PBXBuildFile section */

/* Begin PBXContainerItemProxy section */
		CE6206EF29ADD4BD00A75149 /* PBXContainerItemProxy */ = {
			isa = PBXContainerItemProxy;
			containerPortal = CE6206CD29ADD4BB00A75149 /* Project object */;
			proxyType = 1;
			remoteGlobalIDString = CE6206D429ADD4BB00A75149;
			remoteInfo = ColorsApp;
		};
		CE6206F929ADD4BD00A75149 /* PBXContainerItemProxy */ = {
			isa = PBXContainerItemProxy;
			containerPortal = CE6206CD29ADD4BB00A75149 /* Project object */;
			proxyType = 1;
			remoteGlobalIDString = CE6206D429ADD4BB00A75149;
			remoteInfo = ColorsApp;
		};
/* End PBXContainerItemProxy section */

/* Begin PBXFileReference section */
		CE6206D529ADD4BB00A75149 /* ColorsApp.app */ = {isa = PBXFileReference; explicitFileType = wrapper.application; includeInIndex = 0; path = ColorsApp.app; sourceTree = BUILT_PRODUCTS_DIR; };
		CE6206D829ADD4BB00A75149 /* AppDelegate.swift */ = {isa = PBXFileReference; lastKnownFileType = sourcecode.swift; path = AppDelegate.swift; sourceTree = "<group>"; };
		CE6206DA29ADD4BB00A75149 /* SceneDelegate.swift */ = {isa = PBXFileReference; lastKnownFileType = sourcecode.swift; path = SceneDelegate.swift; sourceTree = "<group>"; };
		CE6206DC29ADD4BB00A75149 /* ViewController.swift */ = {isa = PBXFileReference; lastKnownFileType = sourcecode.swift; path = ViewController.swift; sourceTree = "<group>"; };
		CE6206DF29ADD4BB00A75149 /* Base */ = {isa = PBXFileReference; lastKnownFileType = file.storyboard; name = Base; path = Base.lproj/Main.storyboard; sourceTree = "<group>"; };
		CE6206E229ADD4BB00A75149 /* ColorsApp.xcdatamodel */ = {isa = PBXFileReference; lastKnownFileType = wrapper.xcdatamodel; path = ColorsApp.xcdatamodel; sourceTree = "<group>"; };
		CE6206E429ADD4BD00A75149 /* Assets.xcassets */ = {isa = PBXFileReference; lastKnownFileType = folder.assetcatalog; path = Assets.xcassets; sourceTree = "<group>"; };
		CE6206E729ADD4BD00A75149 /* Base */ = {isa = PBXFileReference; lastKnownFileType = file.storyboard; name = Base; path = Base.lproj/LaunchScreen.storyboard; sourceTree = "<group>"; };
		CE6206E929ADD4BD00A75149 /* Info.plist */ = {isa = PBXFileReference; lastKnownFileType = text.plist.xml; path = Info.plist; sourceTree = "<group>"; };
		CE6206EE29ADD4BD00A75149 /* ColorsAppTests.xctest */ = {isa = PBXFileReference; explicitFileType = wrapper.cfbundle; includeInIndex = 0; path = ColorsAppTests.xctest; sourceTree = BUILT_PRODUCTS_DIR; };
		CE6206F229ADD4BD00A75149 /* ColorsAppTests.swift */ = {isa = PBXFileReference; lastKnownFileType = sourcecode.swift; path = ColorsAppTests.swift; sourceTree = "<group>"; };
		CE6206F829ADD4BD00A75149 /* ColorsAppUITests.xctest */ = {isa = PBXFileReference; explicitFileType = wrapper.cfbundle; includeInIndex = 0; path = ColorsAppUITests.xctest; sourceTree = BUILT_PRODUCTS_DIR; };
		CE6206FC29ADD4BD00A75149 /* ColorsAppUITests.swift */ = {isa = PBXFileReference; lastKnownFileType = sourcecode.swift; path = ColorsAppUITests.swift; sourceTree = "<group>"; };
		CE6206FE29ADD4BD00A75149 /* ColorsAppUITestsLaunchTests.swift */ = {isa = PBXFileReference; lastKnownFileType = sourcecode.swift; path = ColorsAppUITestsLaunchTests.swift; sourceTree = "<group>"; };
/* End PBXFileReference section */

/* Begin PBXFrameworksBuildPhase section */
		CE6206D229ADD4BB00A75149 /* Frameworks */ = {
			isa = PBXFrameworksBuildPhase;
			buildActionMask = 2147483647;
			files = (
			);
			runOnlyForDeploymentPostprocessing = 0;
		};
		CE6206EB29ADD4BD00A75149 /* Frameworks */ = {
			isa = PBXFrameworksBuildPhase;
			buildActionMask = 2147483647;
			files = (
			);
			runOnlyForDeploymentPostprocessing = 0;
		};
		CE6206F529ADD4BD00A75149 /* Frameworks */ = {
			isa = PBXFrameworksBuildPhase;
			buildActionMask = 2147483647;
			files = (
			);
			runOnlyForDeploymentPostprocessing = 0;
		};
/* End PBXFrameworksBuildPhase section */

/* Begin PBXGroup section */
		CE6206CC29ADD4BB00A75149 = {
			isa = PBXGroup;
			children = (
				CE6206D729ADD4BB00A75149 /* ColorsApp */,
				CE6206F129ADD4BD00A75149 /* ColorsAppTests */,
				CE6206FB29ADD4BD00A75149 /* ColorsAppUITests */,
				CE6206D629ADD4BB00A75149 /* Products */,
			);
			sourceTree = "<group>";
		};
		CE6206D629ADD4BB00A75149 /* Products */ = {
			isa = PBXGroup;
			children = (
				CE6206D529ADD4BB00A75149 /* ColorsApp.app */,
				CE6206EE29ADD4BD00A75149 /* ColorsAppTests.xctest */,
				CE6206F829ADD4BD00A75149 /* ColorsAppUITests.xctest */,
			);
			name = Products;
			sourceTree = "<group>";
		};
		CE6206D729ADD4BB00A75149 /* ColorsApp */ = {
			isa = PBXGroup;
			children = (
				CE6206D829ADD4BB00A75149 /* AppDelegate.swift */,
				CE6206DA29ADD4BB00A75149 /* SceneDelegate.swift */,
				CE6206DC29ADD4BB00A75149 /* ViewController.swift */,
				CE6206DE29ADD4BB00A75149 /* Main.storyboard */,
				CE6206E429ADD4BD00A75149 /* Assets.xcassets */,
				CE6206E629ADD4BD00A75149 /* LaunchScreen.storyboard */,
				CE6206E929ADD4BD00A75149 /* Info.plist */,
				CE6206E129ADD4BB00A75149 /* ColorsApp.xcdatamodeld */,
			);
			path = ColorsApp;
			sourceTree = "<group>";
		};
		CE6206F129ADD4BD00A75149 /* ColorsAppTests */ = {
			isa = PBXGroup;
			children = (
				CE6206F229ADD4BD00A75149 /* ColorsAppTests.swift */,
			);
			path = ColorsAppTests;
			sourceTree = "<group>";
		};
		CE6206FB29ADD4BD00A75149 /* ColorsAppUITests */ = {
			isa = PBXGroup;
			children = (
				CE6206FC29ADD4BD00A75149 /* ColorsAppUITests.swift */,
				CE6206FE29ADD4BD00A75149 /* ColorsAppUITestsLaunchTests.swift */,
			);
			path = ColorsAppUITests;
			sourceTree = "<group>";
		};
/* End PBXGroup section */

/* Begin PBXNativeTarget section */
		CE6206D429ADD4BB00A75149 /* ColorsApp */ = {
			isa = PBXNativeTarget;
			buildConfigurationList = CE62070229ADD4BD00A75149 /* Build configuration list for PBXNativeTarget "ColorsApp" */;
			buildPhases = (
				CE6206D129ADD4BB00A75149 /* Sources */,
				CE6206D229ADD4BB00A75149 /* Frameworks */,
				CE6206D329ADD4BB00A75149 /* Resources */,
			);
			buildRules = (
			);
			dependencies = (
			);
			name = ColorsApp;
			productName = ColorsApp;
			productReference = CE6206D529ADD4BB00A75149 /* ColorsApp.app */;
			productType = "com.apple.product-type.application";
		};
		CE6206ED29ADD4BD00A75149 /* ColorsAppTests */ = {
			isa = PBXNativeTarget;
			buildConfigurationList = CE62070529ADD4BD00A75149 /* Build configuration list for PBXNativeTarget "ColorsAppTests" */;
			buildPhases = (
				CE6206EA29ADD4BD00A75149 /* Sources */,
				CE6206EB29ADD4BD00A75149 /* Frameworks */,
				CE6206EC29ADD4BD00A75149 /* Resources */,
			);
			buildRules = (
			);
			dependencies = (
				CE6206F029ADD4BD00A75149 /* PBXTargetDependency */,
			);
			name = ColorsAppTests;
			productName = ColorsAppTests;
			productReference = CE6206EE29ADD4BD00A75149 /* ColorsAppTests.xctest */;
			productType = "com.apple.product-type.bundle.unit-test";
		};
		CE6206F729ADD4BD00A75149 /* ColorsAppUITests */ = {
			isa = PBXNativeTarget;
			buildConfigurationList = CE62070829ADD4BD00A75149 /* Build configuration list for PBXNativeTarget "ColorsAppUITests" */;
			buildPhases = (
				CE6206F429ADD4BD00A75149 /* Sources */,
				CE6206F529ADD4BD00A75149 /* Frameworks */,
				CE6206F629ADD4BD00A75149 /* Resources */,
			);
			buildRules = (
			);
			dependencies = (
				CE6206FA29ADD4BD00A75149 /* PBXTargetDependency */,
			);
			name = ColorsAppUITests;
			productName = ColorsAppUITests;
			productReference = CE6206F829ADD4BD00A75149 /* ColorsAppUITests.xctest */;
			productType = "com.apple.product-type.bundle.ui-testing";
		};
/* End PBXNativeTarget section */

/* Begin PBXProject section */
		CE6206CD29ADD4BB00A75149 /* Project object */ = {
			isa = PBXProject;
			attributes = {
				BuildIndependentTargetsInParallel = 1;
				LastSwiftUpdateCheck = 1320;
				LastUpgradeCheck = 1320;
				TargetAttributes = {
					CE6206D429ADD4BB00A75149 = {
						CreatedOnToolsVersion = 13.2.1;
					};
					CE6206ED29ADD4BD00A75149 = {
						CreatedOnToolsVersion = 13.2.1;
						TestTargetID = CE6206D429ADD4BB00A75149;
					};
					CE6206F729ADD4BD00A75149 = {
						CreatedOnToolsVersion = 13.2.1;
						TestTargetID = CE6206D429ADD4BB00A75149;
					};
				};
			};
			buildConfigurationList = CE6206D029ADD4BB00A75149 /* Build configuration list for PBXProject "ColorsApp" */;
			compatibilityVersion = "Xcode 13.0";
			developmentRegion = en;
			hasScannedForEncodings = 0;
			knownRegions = (
				en,
				Base,
			);
			mainGroup = CE6206CC29ADD4BB00A75149;
			productRefGroup = CE6206D629ADD4BB00A75149 /* Products */;
			projectDirPath = "";
			projectRoot = "";
			targets = (
				CE6206D429ADD4BB00A75149 /* ColorsApp */,
				CE6206ED29ADD4BD00A75149 /* ColorsAppTests */,
				CE6206F729ADD4BD00A75149 /* ColorsAppUITests */,
			);
		};
/* End PBXProject section */

/* Begin PBXResourcesBuildPhase section */
		CE6206D329ADD4BB00A75149 /* Resources */ = {
			isa = PBXResourcesBuildPhase;
			buildActionMask = 2147483647;
			files = (
				CE6206E829ADD4BD00A75149 /* LaunchScreen.storyboard in Resources */,
				CE6206E529ADD4BD00A75149 /* Assets.xcassets in Resources */,
				CE6206E029ADD4BB00A75149 /* Main.storyboard in Resources */,
			);
			runOnlyForDeploymentPostprocessing = 0;
		};
		CE6206EC29ADD4BD00A75149 /* Resources */ = {
			isa = PBXResourcesBuildPhase;
			buildActionMask = 2147483647;
			files = (
			);
			runOnlyForDeploymentPostprocessing = 0;
		};
		CE6206F629ADD4BD00A75149 /* Resources */ = {
			isa = PBXResourcesBuildPhase;
			buildActionMask = 2147483647;
			files = (
			);
			runOnlyForDeploymentPostprocessing = 0;
		};
/* End PBXResourcesBuildPhase section */

/* Begin PBXSourcesBuildPhase section */
		CE6206D129ADD4BB00A75149 /* Sources */ = {
			isa = PBXSourcesBuildPhase;
			buildActionMask = 2147483647;
			files = (
				CE6206DD29ADD4BB00A75149 /* ViewController.swift in Sources */,
				CE6206E329ADD4BB00A75149 /* ColorsApp.xcdatamodeld in Sources */,
				CE6206D929ADD4BB00A75149 /* AppDelegate.swift in Sources */,
				CE6206DB29ADD4BB00A75149 /* SceneDelegate.swift in Sources */,
			);
			runOnlyForDeploymentPostprocessing = 0;
		};
		CE6206EA29ADD4BD00A75149 /* Sources */ = {
			isa = PBXSourcesBuildPhase;
			buildActionMask = 2147483647;
			files = (
				CE6206F329ADD4BD00A75149 /* ColorsAppTests.swift in Sources */,
			);
			runOnlyForDeploymentPostprocessing = 0;
		};
		CE6206F429ADD4BD00A75149 /* Sources */ = {
			isa = PBXSourcesBuildPhase;
			buildActionMask = 2147483647;
			files = (
				CE6206FF29ADD4BD00A75149 /* ColorsAppUITestsLaunchTests.swift in Sources */,
				CE6206FD29ADD4BD00A75149 /* ColorsAppUITests.swift in Sources */,
			);
			runOnlyForDeploymentPostprocessing = 0;
		};
/* End PBXSourcesBuildPhase section */

/* Begin PBXTargetDependency section */
		CE6206F029ADD4BD00A75149 /* PBXTargetDependency */ = {
			isa = PBXTargetDependency;
			target = CE6206D429ADD4BB00A75149 /* ColorsApp */;
			targetProxy = CE6206EF29ADD4BD00A75149 /* PBXContainerItemProxy */;
		};
		CE6206FA29ADD4BD00A75149 /* PBXTargetDependency */ = {
			isa = PBXTargetDependency;
			target = CE6206D429ADD4BB00A75149 /* ColorsApp */;
			targetProxy = CE6206F929ADD4BD00A75149 /* PBXContainerItemProxy */;
		};
/* End PBXTargetDependency section */

/* Begin PBXVariantGroup section */
		CE6206DE29ADD4BB00A75149 /* Main.storyboard */ = {
			isa = PBXVariantGroup;
			children = (
				CE6206DF29ADD4BB00A75149 /* Base */,
			);
			name = Main.storyboard;
			sourceTree = "<group>";
		};
		CE6206E629ADD4BD00A75149 /* LaunchScreen.storyboard */ = {
			isa = PBXVariantGroup;
			children = (
				CE6206E729ADD4BD00A75149 /* Base */,
			);
			name = LaunchScreen.storyboard;
			sourceTree = "<group>";
		};
/* End PBXVariantGroup section */

/* Begin XCBuildConfiguration section */
		CE62070029ADD4BD00A75149 /* Debug */ = {
			isa = XCBuildConfiguration;
			buildSettings = {
				ALWAYS_SEARCH_USER_PATHS = NO;
				CLANG_ANALYZER_NONNULL = YES;
				CLANG_ANALYZER_NUMBER_OBJECT_CONVERSION = YES_AGGRESSIVE;
				CLANG_CXX_LANGUAGE_STANDARD = "gnu++17";
				CLANG_CXX_LIBRARY = "libc++";
				CLANG_ENABLE_MODULES = YES;
				CLANG_ENABLE_OBJC_ARC = YES;
				CLANG_ENABLE_OBJC_WEAK = YES;
				CLANG_WARN_BLOCK_CAPTURE_AUTORELEASING = YES;
				CLANG_WARN_BOOL_CONVERSION = YES;
				CLANG_WARN_COMMA = YES;
				CLANG_WARN_CONSTANT_CONVERSION = YES;
				CLANG_WARN_DEPRECATED_OBJC_IMPLEMENTATIONS = YES;
				CLANG_WARN_DIRECT_OBJC_ISA_USAGE = YES_ERROR;
				CLANG_WARN_DOCUMENTATION_COMMENTS = YES;
				CLANG_WARN_EMPTY_BODY = YES;
				CLANG_WARN_ENUM_CONVERSION = YES;
				CLANG_WARN_INFINITE_RECURSION = YES;
				CLANG_WARN_INT_CONVERSION = YES;
				CLANG_WARN_NON_LITERAL_NULL_CONVERSION = YES;
				CLANG_WARN_OBJC_IMPLICIT_RETAIN_SELF = YES;
				CLANG_WARN_OBJC_LITERAL_CONVERSION = YES;
				CLANG_WARN_OBJC_ROOT_CLASS = YES_ERROR;
				CLANG_WARN_QUOTED_INCLUDE_IN_FRAMEWORK_HEADER = YES;
				CLANG_WARN_RANGE_LOOP_ANALYSIS = YES;
				CLANG_WARN_STRICT_PROTOTYPES = YES;
				CLANG_WARN_SUSPICIOUS_MOVE = YES;
				CLANG_WARN_UNGUARDED_AVAILABILITY = YES_AGGRESSIVE;
				CLANG_WARN_UNREACHABLE_CODE = YES;
				CLANG_WARN__DUPLICATE_METHOD_MATCH = YES;
				COPY_PHASE_STRIP = NO;
				DEBUG_INFORMATION_FORMAT = dwarf;
				ENABLE_STRICT_OBJC_MSGSEND = YES;
				ENABLE_TESTABILITY = YES;
				GCC_C_LANGUAGE_STANDARD = gnu11;
				GCC_DYNAMIC_NO_PIC = NO;
				GCC_NO_COMMON_BLOCKS = YES;
				GCC_OPTIMIZATION_LEVEL = 0;
				GCC_PREPROCESSOR_DEFINITIONS = (
					"DEBUG=1",
					"$(inherited)",
				);
				GCC_WARN_64_TO_32_BIT_CONVERSION = YES;
				GCC_WARN_ABOUT_RETURN_TYPE = YES_ERROR;
				GCC_WARN_UNDECLARED_SELECTOR = YES;
				GCC_WARN_UNINITIALIZED_AUTOS = YES_AGGRESSIVE;
				GCC_WARN_UNUSED_FUNCTION = YES;
				GCC_WARN_UNUSED_VARIABLE = YES;
				IPHONEOS_DEPLOYMENT_TARGET = 15.2;
				MTL_ENABLE_DEBUG_INFO = INCLUDE_SOURCE;
				MTL_FAST_MATH = YES;
				ONLY_ACTIVE_ARCH = YES;
				SDKROOT = iphoneos;
				SWIFT_ACTIVE_COMPILATION_CONDITIONS = DEBUG;
				SWIFT_OPTIMIZATION_LEVEL = "-Onone";
			};
			name = Debug;
		};
		CE62070129ADD4BD00A75149 /* Release */ = {
			isa = XCBuildConfiguration;
			buildSettings = {
				ALWAYS_SEARCH_USER_PATHS = NO;
				CLANG_ANALYZER_NONNULL = YES;
				CLANG_ANALYZER_NUMBER_OBJECT_CONVERSION = YES_AGGRESSIVE;
				CLANG_CXX_LANGUAGE_STANDARD = "gnu++17";
				CLANG_CXX_LIBRARY = "libc++";
				CLANG_ENABLE_MODULES = YES;
				CLANG_ENABLE_OBJC_ARC = YES;
				CLANG_ENABLE_OBJC_WEAK = YES;
				CLANG_WARN_BLOCK_CAPTURE_AUTORELEASING = YES;
				CLANG_WARN_BOOL_CONVERSION = YES;
				CLANG_WARN_COMMA = YES;
				CLANG_WARN_CONSTANT_CONVERSION = YES;
				CLANG_WARN_DEPRECATED_OBJC_IMPLEMENTATIONS = YES;
				CLANG_WARN_DIRECT_OBJC_ISA_USAGE = YES_ERROR;
				CLANG_WARN_DOCUMENTATION_COMMENTS = YES;
				CLANG_WARN_EMPTY_BODY = YES;
				CLANG_WARN_ENUM_CONVERSION = YES;
				CLANG_WARN_INFINITE_RECURSION = YES;
				CLANG_WARN_INT_CONVERSION = YES;
				CLANG_WARN_NON_LITERAL_NULL_CONVERSION = YES;
				CLANG_WARN_OBJC_IMPLICIT_RETAIN_SELF = YES;
				CLANG_WARN_OBJC_LITERAL_CONVERSION = YES;
				CLANG_WARN_OBJC_ROOT_CLASS = YES_ERROR;
				CLANG_WARN_QUOTED_INCLUDE_IN_FRAMEWORK_HEADER = YES;
				CLANG_WARN_RANGE_LOOP_ANALYSIS = YES;
				CLANG_WARN_STRICT_PROTOTYPES = YES;
				CLANG_WARN_SUSPICIOUS_MOVE = YES;
				CLANG_WARN_UNGUARDED_AVAILABILITY = YES_AGGRESSIVE;
				CLANG_WARN_UNREACHABLE_CODE = YES;
				CLANG_WARN__DUPLICATE_METHOD_MATCH = YES;
				COPY_PHASE_STRIP = NO;
				DEBUG_INFORMATION_FORMAT = "dwarf-with-dsym";
				ENABLE_NS_ASSERTIONS = NO;
				ENABLE_STRICT_OBJC_MSGSEND = YES;
				GCC_C_LANGUAGE_STANDARD = gnu11;
				GCC_NO_COMMON_BLOCKS = YES;
				GCC_WARN_64_TO_32_BIT_CONVERSION = YES;
				GCC_WARN_ABOUT_RETURN_TYPE = YES_ERROR;
				GCC_WARN_UNDECLARED_SELECTOR = YES;
				GCC_WARN_UNINITIALIZED_AUTOS = YES_AGGRESSIVE;
				GCC_WARN_UNUSED_FUNCTION = YES;
				GCC_WARN_UNUSED_VARIABLE = YES;
				IPHONEOS_DEPLOYMENT_TARGET = 15.2;
				MTL_ENABLE_DEBUG_INFO = NO;
				MTL_FAST_MATH = YES;
				SDKROOT = iphoneos;
				SWIFT_COMPILATION_MODE = wholemodule;
				SWIFT_OPTIMIZATION_LEVEL = "-O";
				VALIDATE_PRODUCT = YES;
			};
			name = Release;
		};
		CE62070329ADD4BD00A75149 /* Debug */ = {
			isa = XCBuildConfiguration;
			buildSettings = {
				ASSETCATALOG_COMPILER_APPICON_NAME = AppIcon;
				ASSETCATALOG_COMPILER_GLOBAL_ACCENT_COLOR_NAME = AccentColor;
				CODE_SIGN_STYLE = Automatic;
				CURRENT_PROJECT_VERSION = 1;
				DEVELOPMENT_TEAM = XWQ3XKF2JZ;
				GENERATE_INFOPLIST_FILE = YES;
				INFOPLIST_FILE = ColorsApp/Info.plist;
				INFOPLIST_KEY_UIApplicationSupportsIndirectInputEvents = YES;
				INFOPLIST_KEY_UILaunchStoryboardName = LaunchScreen;
				INFOPLIST_KEY_UIMainStoryboardFile = Main;
				INFOPLIST_KEY_UISupportedInterfaceOrientations_iPad = "UIInterfaceOrientationPortrait UIInterfaceOrientationPortraitUpsideDown UIInterfaceOrientationLandscapeLeft UIInterfaceOrientationLandscapeRight";
				INFOPLIST_KEY_UISupportedInterfaceOrientations_iPhone = "UIInterfaceOrientationPortrait UIInterfaceOrientationLandscapeLeft UIInterfaceOrientationLandscapeRight";
				LD_RUNPATH_SEARCH_PATHS = (
					"$(inherited)",
					"@executable_path/Frameworks",
				);
				MARKETING_VERSION = 1.0;
				PRODUCT_BUNDLE_IDENTIFIER = com.lamdt.ColorsApp;
				PRODUCT_NAME = "$(TARGET_NAME)";
				SWIFT_EMIT_LOC_STRINGS = YES;
				SWIFT_VERSION = 5.0;
				TARGETED_DEVICE_FAMILY = "1,2";
			};
			name = Debug;
		};
		CE62070429ADD4BD00A75149 /* Release */ = {
			isa = XCBuildConfiguration;
			buildSettings = {
				ASSETCATALOG_COMPILER_APPICON_NAME = AppIcon;
				ASSETCATALOG_COMPILER_GLOBAL_ACCENT_COLOR_NAME = AccentColor;
				CODE_SIGN_STYLE = Automatic;
				CURRENT_PROJECT_VERSION = 1;
				DEVELOPMENT_TEAM = XWQ3XKF2JZ;
				GENERATE_INFOPLIST_FILE = YES;
				INFOPLIST_FILE = ColorsApp/Info.plist;
				INFOPLIST_KEY_UIApplicationSupportsIndirectInputEvents = YES;
				INFOPLIST_KEY_UILaunchStoryboardName = LaunchScreen;
				INFOPLIST_KEY_UIMainStoryboardFile = Main;
				INFOPLIST_KEY_UISupportedInterfaceOrientations_iPad = "UIInterfaceOrientationPortrait UIInterfaceOrientationPortraitUpsideDown UIInterfaceOrientationLandscapeLeft UIInterfaceOrientationLandscapeRight";
				INFOPLIST_KEY_UISupportedInterfaceOrientations_iPhone = "UIInterfaceOrientationPortrait UIInterfaceOrientationLandscapeLeft UIInterfaceOrientationLandscapeRight";
				LD_RUNPATH_SEARCH_PATHS = (
					"$(inherited)",
					"@executable_path/Frameworks",
				);
				MARKETING_VERSION = 1.0;
				PRODUCT_BUNDLE_IDENTIFIER = com.lamdt.ColorsApp;
				PRODUCT_NAME = "$(TARGET_NAME)";
				SWIFT_EMIT_LOC_STRINGS = YES;
				SWIFT_VERSION = 5.0;
				TARGETED_DEVICE_FAMILY = "1,2";
			};
			name = Release;
		};
		CE62070629ADD4BD00A75149 /* Debug */ = {
			isa = XCBuildConfiguration;
			buildSettings = {
				ALWAYS_EMBED_SWIFT_STANDARD_LIBRARIES = YES;
				BUNDLE_LOADER = "$(TEST_HOST)";
				CODE_SIGN_STYLE = Automatic;
				CURRENT_PROJECT_VERSION = 1;
				DEVELOPMENT_TEAM = XWQ3XKF2JZ;
				GENERATE_INFOPLIST_FILE = YES;
				IPHONEOS_DEPLOYMENT_TARGET = 15.2;
				MARKETING_VERSION = 1.0;
				PRODUCT_BUNDLE_IDENTIFIER = com.lamdt.ColorsAppTests;
				PRODUCT_NAME = "$(TARGET_NAME)";
				SWIFT_EMIT_LOC_STRINGS = NO;
				SWIFT_VERSION = 5.0;
				TARGETED_DEVICE_FAMILY = "1,2";
				TEST_HOST = "$(BUILT_PRODUCTS_DIR)/ColorsApp.app/ColorsApp";
			};
			name = Debug;
		};
		CE62070729ADD4BD00A75149 /* Release */ = {
			isa = XCBuildConfiguration;
			buildSettings = {
				ALWAYS_EMBED_SWIFT_STANDARD_LIBRARIES = YES;
				BUNDLE_LOADER = "$(TEST_HOST)";
				CODE_SIGN_STYLE = Automatic;
				CURRENT_PROJECT_VERSION = 1;
				DEVELOPMENT_TEAM = XWQ3XKF2JZ;
				GENERATE_INFOPLIST_FILE = YES;
				IPHONEOS_DEPLOYMENT_TARGET = 15.2;
				MARKETING_VERSION = 1.0;
				PRODUCT_BUNDLE_IDENTIFIER = com.lamdt.ColorsAppTests;
				PRODUCT_NAME = "$(TARGET_NAME)";
				SWIFT_EMIT_LOC_STRINGS = NO;
				SWIFT_VERSION = 5.0;
				TARGETED_DEVICE_FAMILY = "1,2";
				TEST_HOST = "$(BUILT_PRODUCTS_DIR)/ColorsApp.app/ColorsApp";
			};
			name = Release;
		};
		CE62070929ADD4BD00A75149 /* Debug */ = {
			isa = XCBuildConfiguration;
			buildSettings = {
				ALWAYS_EMBED_SWIFT_STANDARD_LIBRARIES = YES;
				CODE_SIGN_STYLE = Automatic;
				CURRENT_PROJECT_VERSION = 1;
				DEVELOPMENT_TEAM = XWQ3XKF2JZ;
				GENERATE_INFOPLIST_FILE = YES;
				MARKETING_VERSION = 1.0;
				PRODUCT_BUNDLE_IDENTIFIER = com.lamdt.ColorsAppUITests;
				PRODUCT_NAME = "$(TARGET_NAME)";
				SWIFT_EMIT_LOC_STRINGS = NO;
				SWIFT_VERSION = 5.0;
				TARGETED_DEVICE_FAMILY = "1,2";
				TEST_TARGET_NAME = ColorsApp;
			};
			name = Debug;
		};
		CE62070A29ADD4BD00A75149 /* Release */ = {
			isa = XCBuildConfiguration;
			buildSettings = {
				ALWAYS_EMBED_SWIFT_STANDARD_LIBRARIES = YES;
				CODE_SIGN_STYLE = Automatic;
				CURRENT_PROJECT_VERSION = 1;
				DEVELOPMENT_TEAM = XWQ3XKF2JZ;
				GENERATE_INFOPLIST_FILE = YES;
				MARKETING_VERSION = 1.0;
				PRODUCT_BUNDLE_IDENTIFIER = com.lamdt.ColorsAppUITests;
				PRODUCT_NAME = "$(TARGET_NAME)";
				SWIFT_EMIT_LOC_STRINGS = NO;
				SWIFT_VERSION = 5.0;
				TARGETED_DEVICE_FAMILY = "1,2";
				TEST_TARGET_NAME = ColorsApp;
			};
			name = Release;
		};
/* End XCBuildConfiguration section */

/* Begin XCConfigurationList section */
		CE6206D029ADD4BB00A75149 /* Build configuration list for PBXProject "ColorsApp" */ = {
			isa = XCConfigurationList;
			buildConfigurations = (
				CE62070029ADD4BD00A75149 /* Debug */,
				CE62070129ADD4BD00A75149 /* Release */,
			);
			defaultConfigurationIsVisible = 0;
			defaultConfigurationName = Release;
		};
		CE62070229ADD4BD00A75149 /* Build configuration list for PBXNativeTarget "ColorsApp" */ = {
			isa = XCConfigurationList;
			buildConfigurations = (
				CE62070329ADD4BD00A75149 /* Debug */,
				CE62070429ADD4BD00A75149 /* Release */,
			);
			defaultConfigurationIsVisible = 0;
			defaultConfigurationName = Release;
		};
		CE62070529ADD4BD00A75149 /* Build configuration list for PBXNativeTarget "ColorsAppTests" */ = {
			isa = XCConfigurationList;
			buildConfigurations = (
				CE62070629ADD4BD00A75149 /* Debug */,
				CE62070729ADD4BD00A75149 /* Release */,
			);
			defaultConfigurationIsVisible = 0;
			defaultConfigurationName = Release;
		};
		CE62070829ADD4BD00A75149 /* Build configuration list for PBXNativeTarget "ColorsAppUITests" */ = {
			isa = XCConfigurationList;
			buildConfigurations = (
				CE62070929ADD4BD00A75149 /* Debug */,
				CE62070A29ADD4BD00A75149 /* Release */,
			);
			defaultConfigurationIsVisible = 0;
			defaultConfigurationName = Release;
		};
/* End XCConfigurationList section */

/* Begin XCVersionGroup section */
		CE6206E129ADD4BB00A75149 /* ColorsApp.xcdatamodeld */ = {
			isa = XCVersionGroup;
			children = (
				CE6206E229ADD4BB00A75149 /* ColorsApp.xcdatamodel */,
			);
			currentVersion = CE6206E229ADD4BB00A75149 /* ColorsApp.xcdatamodel */;
			path = ColorsApp.xcdatamodeld;
			sourceTree = "<group>";
			versionGroupType = wrapper.xcdatamodel;
		};
/* End XCVersionGroup section */
	};
	rootObject = CE6206CD29ADD4BB00A75149 /* Project object */;
}
